
Microsoft Visual Studio Solution File, Format Version 12.00
# Visual Studio Version 16
VisualStudioVersion = 16.0.31702.278
MinimumVisualStudioVersion = 10.0.40219.1
Project("{9A19103F-16F7-4668-BE54-9A1E7A4F7556}") = "Blazor.Excelerate", "Blazor.Excelerate.csproj", "{7D9E36FB-4B1D-46CF-863A-644CD1F932D0}"
EndProject
Project("{9A19103F-16F7-4668-BE54-9A1E7A4F7556}") = "DataJuggler.Blazor.Components", "..\DataJuggler.Blazor.Components\DataJuggler.Blazor.Components.csproj", "{B104B345-903F-4DA9-A302-A58F0D690297}"
EndProject
Global
	GlobalSection(SolutionConfigurationPlatforms) = preSolution
		Debug|Any CPU = Debug|Any CPU
		Release|Any CPU = Release|Any CPU
	EndGlobalSection
	GlobalSection(ProjectConfigurationPlatforms) = postSolution
		{7D9E36FB-4B1D-46CF-863A-644CD1F932D0}.Debug|Any CPU.ActiveCfg = Debug|Any CPU
		{7D9E36FB-4B1D-46CF-863A-644CD1F932D0}.Debug|Any CPU.Build.0 = Debug|Any CPU
		{7D9E36FB-4B1D-46CF-863A-644CD1F932D0}.Release|Any CPU.ActiveCfg = Release|Any CPU
		{7D9E36FB-4B1D-46CF-863A-644CD1F932D0}.Release|Any CPU.Build.0 = Release|Any CPU
		{B104B345-903F-4DA9-A302-A58F0D690297}.Debug|Any CPU.ActiveCfg = Debug|Any CPU
		{B104B345-903F-4DA9-A302-A58F0D690297}.Debug|Any CPU.Build.0 = Debug|Any CPU
		{B104B345-903F-4DA9-A302-A58F0D690297}.Release|Any CPU.ActiveCfg = Release|Any CPU
		{B104B345-903F-4DA9-A302-A58F0D690297}.Release|Any CPU.Build.0 = Release|Any CPU
	EndGlobalSection
	GlobalSection(SolutionProperties) = preSolution
		HideSolutionNode = FALSE
	EndGlobalSection
	GlobalSection(ExtensibilityGlobals) = postSolution
		SolutionGuid = {DFBD4808-8E4E-4E6F-A455-1591F674FA0A}
	EndGlobalSection
EndGlobal
