
Microsoft Visual Studio Solution File, Format Version 12.00
# Visual Studio Version 17
VisualStudioVersion = 17.4.33205.214
MinimumVisualStudioVersion = 10.0.40219.1
Project("{FAE04EC0-301F-11D3-BF4B-00C04F79EFBC}") = "Blazor.Excelerate", "Blazor.Excelerate.csproj", "{B8ACD105-0B01-5EBE-ECC8-4D874C332372}"
EndProject
Global
	GlobalSection(SolutionConfigurationPlatforms) = preSolution
		Debug|Any CPU = Debug|Any CPU
		Release|Any CPU = Release|Any CPU
	EndGlobalSection
	GlobalSection(ProjectConfigurationPlatforms) = postSolution
		{B8ACD105-0B01-5EBE-ECC8-4D874C332372}.Debug|Any CPU.ActiveCfg = Debug|Any CPU
		{B8ACD105-0B01-5EBE-ECC8-4D874C332372}.Debug|Any CPU.Build.0 = Debug|Any CPU
		{B8ACD105-0B01-5EBE-ECC8-4D874C332372}.Release|Any CPU.ActiveCfg = Release|Any CPU
		{B8ACD105-0B01-5EBE-ECC8-4D874C332372}.Release|Any CPU.Build.0 = Release|Any CPU
	EndGlobalSection
	GlobalSection(SolutionProperties) = preSolution
		HideSolutionNode = FALSE
	EndGlobalSection
	GlobalSection(ExtensibilityGlobals) = postSolution
		SolutionGuid = {69F93FEC-3516-4C88-B6D1-12A0E6569A05}
	EndGlobalSection
EndGlobal
